
Microsoft Visual Studio Solution File, Format Version 12.00
# Visual Studio 14
VisualStudioVersion = 14.0.23107.0
MinimumVisualStudioVersion = 10.0.40219.1
Project("{FAE04EC0-301F-11D3-BF4B-00C04F79EFBC}") = "Rabbit.Droid", "Rabbit\Rabbit.Droid\Rabbit.Droid.csproj", "{98A1C15F-EB06-4056-B303-307D5F9CC456}"
EndProject
Project("{FAE04EC0-301F-11D3-BF4B-00C04F79EFBC}") = "Rabbit.iOS", "Rabbit\Rabbit.iOS\Rabbit.iOS.csproj", "{6B88E7CF-09F1-4B24-AF79-B6C4453C763C}"
EndProject
Project("{FAE04EC0-301F-11D3-BF4B-00C04F79EFBC}") = "Rabbit.WinPhone", "Rabbit\Rabbit.WinPhone\Rabbit.WinPhone.csproj", "{07E0489E-AE7F-4C30-956E-215DA2E494DE}"
EndProject
Project("{FAE04EC0-301F-11D3-BF4B-00C04F79EFBC}") = "Rabbit.Windows", "Rabbit\Rabbit.Windows\Rabbit.Windows.csproj", "{B4DBCCBB-F4DC-467F-82D3-5C3D7FF021F4}"
EndProject
Project("{D954291E-2A0B-460D-934E-DC6B0785DB48}") = "Rabbit", "Rabbit\Rabbit\Rabbit.shproj", "{3BE62F3E-EA89-450F-BA14-BEBD744BFA2A}"
EndProject
Global
	GlobalSection(SharedMSBuildProjectFiles) = preSolution
		Rabbit\Rabbit\Rabbit.projitems*{07e0489e-ae7f-4c30-956e-215da2e494de}*SharedItemsImports = 4
		Rabbit\Rabbit\Rabbit.projitems*{6b88e7cf-09f1-4b24-af79-b6c4453c763c}*SharedItemsImports = 4
		Rabbit\Rabbit\Rabbit.projitems*{b4dbccbb-f4dc-467f-82d3-5c3d7ff021f4}*SharedItemsImports = 4
		Rabbit\Rabbit\Rabbit.projitems*{98a1c15f-eb06-4056-b303-307d5f9cc456}*SharedItemsImports = 4
		Rabbit\Rabbit\Rabbit.projitems*{3be62f3e-ea89-450f-ba14-bebd744bfa2a}*SharedItemsImports = 13
	EndGlobalSection
	GlobalSection(SolutionConfigurationPlatforms) = preSolution
		Ad-Hoc|Any CPU = Ad-Hoc|Any CPU
		Ad-Hoc|ARM = Ad-Hoc|ARM
		Ad-Hoc|iPhone = Ad-Hoc|iPhone
		Ad-Hoc|iPhoneSimulator = Ad-Hoc|iPhoneSimulator
		Ad-Hoc|x64 = Ad-Hoc|x64
		Ad-Hoc|x86 = Ad-Hoc|x86
		AppStore|Any CPU = AppStore|Any CPU
		AppStore|ARM = AppStore|ARM
		AppStore|iPhone = AppStore|iPhone
		AppStore|iPhoneSimulator = AppStore|iPhoneSimulator
		AppStore|x64 = AppStore|x64
		AppStore|x86 = AppStore|x86
		Debug|Any CPU = Debug|Any CPU
		Debug|ARM = Debug|ARM
		Debug|iPhone = Debug|iPhone
		Debug|iPhoneSimulator = Debug|iPhoneSimulator
		Debug|x64 = Debug|x64
		Debug|x86 = Debug|x86
		Release|Any CPU = Release|Any CPU
		Release|ARM = Release|ARM
		Release|iPhone = Release|iPhone
		Release|iPhoneSimulator = Release|iPhoneSimulator
		Release|x64 = Release|x64
		Release|x86 = Release|x86
	EndGlobalSection
	GlobalSection(ProjectConfigurationPlatforms) = postSolution
		{98A1C15F-EB06-4056-B303-307D5F9CC456}.Ad-Hoc|Any CPU.ActiveCfg = Release|Any CPU
		{98A1C15F-EB06-4056-B303-307D5F9CC456}.Ad-Hoc|Any CPU.Build.0 = Release|Any CPU
		{98A1C15F-EB06-4056-B303-307D5F9CC456}.Ad-Hoc|Any CPU.Deploy.0 = Release|Any CPU
		{98A1C15F-EB06-4056-B303-307D5F9CC456}.Ad-Hoc|ARM.ActiveCfg = Release|Any CPU
		{98A1C15F-EB06-4056-B303-307D5F9CC456}.Ad-Hoc|ARM.Build.0 = Release|Any CPU
		{98A1C15F-EB06-4056-B303-307D5F9CC456}.Ad-Hoc|ARM.Deploy.0 = Release|Any CPU
		{98A1C15F-EB06-4056-B303-307D5F9CC456}.Ad-Hoc|iPhone.ActiveCfg = Release|Any CPU
		{98A1C15F-EB06-4056-B303-307D5F9CC456}.Ad-Hoc|iPhone.Build.0 = Release|Any CPU
		{98A1C15F-EB06-4056-B303-307D5F9CC456}.Ad-Hoc|iPhone.Deploy.0 = Release|Any CPU
		{98A1C15F-EB06-4056-B303-307D5F9CC456}.Ad-Hoc|iPhoneSimulator.ActiveCfg = Release|Any CPU
		{98A1C15F-EB06-4056-B303-307D5F9CC456}.Ad-Hoc|iPhoneSimulator.Build.0 = Release|Any CPU
		{98A1C15F-EB06-4056-B303-307D5F9CC456}.Ad-Hoc|iPhoneSimulator.Deploy.0 = Release|Any CPU
		{98A1C15F-EB06-4056-B303-307D5F9CC456}.Ad-Hoc|x64.ActiveCfg = Release|Any CPU
		{98A1C15F-EB06-4056-B303-307D5F9CC456}.Ad-Hoc|x64.Build.0 = Release|Any CPU
		{98A1C15F-EB06-4056-B303-307D5F9CC456}.Ad-Hoc|x64.Deploy.0 = Release|Any CPU
		{98A1C15F-EB06-4056-B303-307D5F9CC456}.Ad-Hoc|x86.ActiveCfg = Release|Any CPU
		{98A1C15F-EB06-4056-B303-307D5F9CC456}.Ad-Hoc|x86.Build.0 = Release|Any CPU
		{98A1C15F-EB06-4056-B303-307D5F9CC456}.Ad-Hoc|x86.Deploy.0 = Release|Any CPU
		{98A1C15F-EB06-4056-B303-307D5F9CC456}.AppStore|Any CPU.ActiveCfg = Release|Any CPU
		{98A1C15F-EB06-4056-B303-307D5F9CC456}.AppStore|Any CPU.Build.0 = Release|Any CPU
		{98A1C15F-EB06-4056-B303-307D5F9CC456}.AppStore|Any CPU.Deploy.0 = Release|Any CPU
		{98A1C15F-EB06-4056-B303-307D5F9CC456}.AppStore|ARM.ActiveCfg = Release|Any CPU
		{98A1C15F-EB06-4056-B303-307D5F9CC456}.AppStore|ARM.Build.0 = Release|Any CPU
		{98A1C15F-EB06-4056-B303-307D5F9CC456}.AppStore|ARM.Deploy.0 = Release|Any CPU
		{98A1C15F-EB06-4056-B303-307D5F9CC456}.AppStore|iPhone.ActiveCfg = Release|Any CPU
		{98A1C15F-EB06-4056-B303-307D5F9CC456}.AppStore|iPhone.Build.0 = Release|Any CPU
		{98A1C15F-EB06-4056-B303-307D5F9CC456}.AppStore|iPhone.Deploy.0 = Release|Any CPU
		{98A1C15F-EB06-4056-B303-307D5F9CC456}.AppStore|iPhoneSimulator.ActiveCfg = Release|Any CPU
		{98A1C15F-EB06-4056-B303-307D5F9CC456}.AppStore|iPhoneSimulator.Build.0 = Release|Any CPU
		{98A1C15F-EB06-4056-B303-307D5F9CC456}.AppStore|iPhoneSimulator.Deploy.0 = Release|Any CPU
		{98A1C15F-EB06-4056-B303-307D5F9CC456}.AppStore|x64.ActiveCfg = Release|Any CPU
		{98A1C15F-EB06-4056-B303-307D5F9CC456}.AppStore|x64.Build.0 = Release|Any CPU
		{98A1C15F-EB06-4056-B303-307D5F9CC456}.AppStore|x64.Deploy.0 = Release|Any CPU
		{98A1C15F-EB06-4056-B303-307D5F9CC456}.AppStore|x86.ActiveCfg = Release|Any CPU
		{98A1C15F-EB06-4056-B303-307D5F9CC456}.AppStore|x86.Build.0 = Release|Any CPU
		{98A1C15F-EB06-4056-B303-307D5F9CC456}.AppStore|x86.Deploy.0 = Release|Any CPU
		{98A1C15F-EB06-4056-B303-307D5F9CC456}.Debug|Any CPU.ActiveCfg = Debug|Any CPU
		{98A1C15F-EB06-4056-B303-307D5F9CC456}.Debug|Any CPU.Build.0 = Debug|Any CPU
		{98A1C15F-EB06-4056-B303-307D5F9CC456}.Debug|Any CPU.Deploy.0 = Debug|Any CPU
		{98A1C15F-EB06-4056-B303-307D5F9CC456}.Debug|ARM.ActiveCfg = Debug|Any CPU
		{98A1C15F-EB06-4056-B303-307D5F9CC456}.Debug|ARM.Build.0 = Debug|Any CPU
		{98A1C15F-EB06-4056-B303-307D5F9CC456}.Debug|ARM.Deploy.0 = Debug|Any CPU
		{98A1C15F-EB06-4056-B303-307D5F9CC456}.Debug|iPhone.ActiveCfg = Debug|Any CPU
		{98A1C15F-EB06-4056-B303-307D5F9CC456}.Debug|iPhone.Build.0 = Debug|Any CPU
		{98A1C15F-EB06-4056-B303-307D5F9CC456}.Debug|iPhone.Deploy.0 = Debug|Any CPU
		{98A1C15F-EB06-4056-B303-307D5F9CC456}.Debug|iPhoneSimulator.ActiveCfg = Debug|Any CPU
		{98A1C15F-EB06-4056-B303-307D5F9CC456}.Debug|iPhoneSimulator.Build.0 = Debug|Any CPU
		{98A1C15F-EB06-4056-B303-307D5F9CC456}.Debug|iPhoneSimulator.Deploy.0 = Debug|Any CPU
		{98A1C15F-EB06-4056-B303-307D5F9CC456}.Debug|x64.ActiveCfg = Debug|Any CPU
		{98A1C15F-EB06-4056-B303-307D5F9CC456}.Debug|x64.Build.0 = Debug|Any CPU
		{98A1C15F-EB06-4056-B303-307D5F9CC456}.Debug|x64.Deploy.0 = Debug|Any CPU
		{98A1C15F-EB06-4056-B303-307D5F9CC456}.Debug|x86.ActiveCfg = Debug|Any CPU
		{98A1C15F-EB06-4056-B303-307D5F9CC456}.Debug|x86.Build.0 = Debug|Any CPU
		{98A1C15F-EB06-4056-B303-307D5F9CC456}.Debug|x86.Deploy.0 = Debug|Any CPU
		{98A1C15F-EB06-4056-B303-307D5F9CC456}.Release|Any CPU.ActiveCfg = Release|Any CPU
		{98A1C15F-EB06-4056-B303-307D5F9CC456}.Release|Any CPU.Build.0 = Release|Any CPU
		{98A1C15F-EB06-4056-B303-307D5F9CC456}.Release|Any CPU.Deploy.0 = Release|Any CPU
		{98A1C15F-EB06-4056-B303-307D5F9CC456}.Release|ARM.ActiveCfg = Release|Any CPU
		{98A1C15F-EB06-4056-B303-307D5F9CC456}.Release|ARM.Build.0 = Release|Any CPU
		{98A1C15F-EB06-4056-B303-307D5F9CC456}.Release|ARM.Deploy.0 = Release|Any CPU
		{98A1C15F-EB06-4056-B303-307D5F9CC456}.Release|iPhone.ActiveCfg = Release|Any CPU
		{98A1C15F-EB06-4056-B303-307D5F9CC456}.Release|iPhone.Build.0 = Release|Any CPU
		{98A1C15F-EB06-4056-B303-307D5F9CC456}.Release|iPhone.Deploy.0 = Release|Any CPU
		{98A1C15F-EB06-4056-B303-307D5F9CC456}.Release|iPhoneSimulator.ActiveCfg = Release|Any CPU
		{98A1C15F-EB06-4056-B303-307D5F9CC456}.Release|iPhoneSimulator.Build.0 = Release|Any CPU
		{98A1C15F-EB06-4056-B303-307D5F9CC456}.Release|iPhoneSimulator.Deploy.0 = Release|Any CPU
		{98A1C15F-EB06-4056-B303-307D5F9CC456}.Release|x64.ActiveCfg = Release|Any CPU
		{98A1C15F-EB06-4056-B303-307D5F9CC456}.Release|x64.Build.0 = Release|Any CPU
		{98A1C15F-EB06-4056-B303-307D5F9CC456}.Release|x64.Deploy.0 = Release|Any CPU
		{98A1C15F-EB06-4056-B303-307D5F9CC456}.Release|x86.ActiveCfg = Release|Any CPU
		{98A1C15F-EB06-4056-B303-307D5F9CC456}.Release|x86.Build.0 = Release|Any CPU
		{98A1C15F-EB06-4056-B303-307D5F9CC456}.Release|x86.Deploy.0 = Release|Any CPU
		{6B88E7CF-09F1-4B24-AF79-B6C4453C763C}.Ad-Hoc|Any CPU.ActiveCfg = Ad-Hoc|iPhone
		{6B88E7CF-09F1-4B24-AF79-B6C4453C763C}.Ad-Hoc|ARM.ActiveCfg = Ad-Hoc|iPhone
		{6B88E7CF-09F1-4B24-AF79-B6C4453C763C}.Ad-Hoc|iPhone.ActiveCfg = Ad-Hoc|iPhone
		{6B88E7CF-09F1-4B24-AF79-B6C4453C763C}.Ad-Hoc|iPhone.Build.0 = Ad-Hoc|iPhone
		{6B88E7CF-09F1-4B24-AF79-B6C4453C763C}.Ad-Hoc|iPhoneSimulator.ActiveCfg = Ad-Hoc|iPhoneSimulator
		{6B88E7CF-09F1-4B24-AF79-B6C4453C763C}.Ad-Hoc|iPhoneSimulator.Build.0 = Ad-Hoc|iPhoneSimulator
		{6B88E7CF-09F1-4B24-AF79-B6C4453C763C}.Ad-Hoc|x64.ActiveCfg = Ad-Hoc|iPhone
		{6B88E7CF-09F1-4B24-AF79-B6C4453C763C}.Ad-Hoc|x86.ActiveCfg = Ad-Hoc|iPhone
		{6B88E7CF-09F1-4B24-AF79-B6C4453C763C}.AppStore|Any CPU.ActiveCfg = AppStore|iPhone
		{6B88E7CF-09F1-4B24-AF79-B6C4453C763C}.AppStore|ARM.ActiveCfg = AppStore|iPhone
		{6B88E7CF-09F1-4B24-AF79-B6C4453C763C}.AppStore|iPhone.ActiveCfg = AppStore|iPhone
		{6B88E7CF-09F1-4B24-AF79-B6C4453C763C}.AppStore|iPhone.Build.0 = AppStore|iPhone
		{6B88E7CF-09F1-4B24-AF79-B6C4453C763C}.AppStore|iPhoneSimulator.ActiveCfg = AppStore|iPhoneSimulator
		{6B88E7CF-09F1-4B24-AF79-B6C4453C763C}.AppStore|iPhoneSimulator.Build.0 = AppStore|iPhoneSimulator
		{6B88E7CF-09F1-4B24-AF79-B6C4453C763C}.AppStore|x64.ActiveCfg = AppStore|iPhone
		{6B88E7CF-09F1-4B24-AF79-B6C4453C763C}.AppStore|x86.ActiveCfg = AppStore|iPhone
		{6B88E7CF-09F1-4B24-AF79-B6C4453C763C}.Debug|Any CPU.ActiveCfg = Debug|iPhone
		{6B88E7CF-09F1-4B24-AF79-B6C4453C763C}.Debug|ARM.ActiveCfg = Debug|iPhone
		{6B88E7CF-09F1-4B24-AF79-B6C4453C763C}.Debug|iPhone.ActiveCfg = Debug|iPhone
		{6B88E7CF-09F1-4B24-AF79-B6C4453C763C}.Debug|iPhone.Build.0 = Debug|iPhone
		{6B88E7CF-09F1-4B24-AF79-B6C4453C763C}.Debug|iPhoneSimulator.ActiveCfg = Debug|iPhoneSimulator
		{6B88E7CF-09F1-4B24-AF79-B6C4453C763C}.Debug|iPhoneSimulator.Build.0 = Debug|iPhoneSimulator
		{6B88E7CF-09F1-4B24-AF79-B6C4453C763C}.Debug|x64.ActiveCfg = Debug|iPhone
		{6B88E7CF-09F1-4B24-AF79-B6C4453C763C}.Debug|x86.ActiveCfg = Debug|iPhone
		{6B88E7CF-09F1-4B24-AF79-B6C4453C763C}.Release|Any CPU.ActiveCfg = Release|iPhone
		{6B88E7CF-09F1-4B24-AF79-B6C4453C763C}.Release|ARM.ActiveCfg = Release|iPhone
		{6B88E7CF-09F1-4B24-AF79-B6C4453C763C}.Release|iPhone.ActiveCfg = Release|iPhone
		{6B88E7CF-09F1-4B24-AF79-B6C4453C763C}.Release|iPhone.Build.0 = Release|iPhone
		{6B88E7CF-09F1-4B24-AF79-B6C4453C763C}.Release|iPhoneSimulator.ActiveCfg = Release|iPhoneSimulator
		{6B88E7CF-09F1-4B24-AF79-B6C4453C763C}.Release|iPhoneSimulator.Build.0 = Release|iPhoneSimulator
		{6B88E7CF-09F1-4B24-AF79-B6C4453C763C}.Release|x64.ActiveCfg = Release|iPhone
		{6B88E7CF-09F1-4B24-AF79-B6C4453C763C}.Release|x86.ActiveCfg = Release|iPhone
		{07E0489E-AE7F-4C30-956E-215DA2E494DE}.Ad-Hoc|Any CPU.ActiveCfg = Release|Any CPU
		{07E0489E-AE7F-4C30-956E-215DA2E494DE}.Ad-Hoc|Any CPU.Build.0 = Release|Any CPU
		{07E0489E-AE7F-4C30-956E-215DA2E494DE}.Ad-Hoc|Any CPU.Deploy.0 = Release|Any CPU
		{07E0489E-AE7F-4C30-956E-215DA2E494DE}.Ad-Hoc|ARM.ActiveCfg = Release|ARM
		{07E0489E-AE7F-4C30-956E-215DA2E494DE}.Ad-Hoc|ARM.Build.0 = Release|ARM
		{07E0489E-AE7F-4C30-956E-215DA2E494DE}.Ad-Hoc|ARM.Deploy.0 = Release|ARM
		{07E0489E-AE7F-4C30-956E-215DA2E494DE}.Ad-Hoc|iPhone.ActiveCfg = Release|Any CPU
		{07E0489E-AE7F-4C30-956E-215DA2E494DE}.Ad-Hoc|iPhone.Build.0 = Release|Any CPU
		{07E0489E-AE7F-4C30-956E-215DA2E494DE}.Ad-Hoc|iPhone.Deploy.0 = Release|Any CPU
		{07E0489E-AE7F-4C30-956E-215DA2E494DE}.Ad-Hoc|iPhoneSimulator.ActiveCfg = Release|Any CPU
		{07E0489E-AE7F-4C30-956E-215DA2E494DE}.Ad-Hoc|iPhoneSimulator.Build.0 = Release|Any CPU
		{07E0489E-AE7F-4C30-956E-215DA2E494DE}.Ad-Hoc|iPhoneSimulator.Deploy.0 = Release|Any CPU
		{07E0489E-AE7F-4C30-956E-215DA2E494DE}.Ad-Hoc|x64.ActiveCfg = Release|Any CPU
		{07E0489E-AE7F-4C30-956E-215DA2E494DE}.Ad-Hoc|x64.Build.0 = Release|Any CPU
		{07E0489E-AE7F-4C30-956E-215DA2E494DE}.Ad-Hoc|x64.Deploy.0 = Release|Any CPU
		{07E0489E-AE7F-4C30-956E-215DA2E494DE}.Ad-Hoc|x86.ActiveCfg = Release|x86
		{07E0489E-AE7F-4C30-956E-215DA2E494DE}.Ad-Hoc|x86.Build.0 = Release|x86
		{07E0489E-AE7F-4C30-956E-215DA2E494DE}.Ad-Hoc|x86.Deploy.0 = Release|x86
		{07E0489E-AE7F-4C30-956E-215DA2E494DE}.AppStore|Any CPU.ActiveCfg = Release|Any CPU
		{07E0489E-AE7F-4C30-956E-215DA2E494DE}.AppStore|Any CPU.Build.0 = Release|Any CPU
		{07E0489E-AE7F-4C30-956E-215DA2E494DE}.AppStore|Any CPU.Deploy.0 = Release|Any CPU
		{07E0489E-AE7F-4C30-956E-215DA2E494DE}.AppStore|ARM.ActiveCfg = Release|ARM
		{07E0489E-AE7F-4C30-956E-215DA2E494DE}.AppStore|ARM.Build.0 = Release|ARM
		{07E0489E-AE7F-4C30-956E-215DA2E494DE}.AppStore|ARM.Deploy.0 = Release|ARM
		{07E0489E-AE7F-4C30-956E-215DA2E494DE}.AppStore|iPhone.ActiveCfg = Release|Any CPU
		{07E0489E-AE7F-4C30-956E-215DA2E494DE}.AppStore|iPhone.Build.0 = Release|Any CPU
		{07E0489E-AE7F-4C30-956E-215DA2E494DE}.AppStore|iPhone.Deploy.0 = Release|Any CPU
		{07E0489E-AE7F-4C30-956E-215DA2E494DE}.AppStore|iPhoneSimulator.ActiveCfg = Release|Any CPU
		{07E0489E-AE7F-4C30-956E-215DA2E494DE}.AppStore|iPhoneSimulator.Build.0 = Release|Any CPU
		{07E0489E-AE7F-4C30-956E-215DA2E494DE}.AppStore|iPhoneSimulator.Deploy.0 = Release|Any CPU
		{07E0489E-AE7F-4C30-956E-215DA2E494DE}.AppStore|x64.ActiveCfg = Release|Any CPU
		{07E0489E-AE7F-4C30-956E-215DA2E494DE}.AppStore|x64.Build.0 = Release|Any CPU
		{07E0489E-AE7F-4C30-956E-215DA2E494DE}.AppStore|x64.Deploy.0 = Release|Any CPU
		{07E0489E-AE7F-4C30-956E-215DA2E494DE}.AppStore|x86.ActiveCfg = Release|x86
		{07E0489E-AE7F-4C30-956E-215DA2E494DE}.AppStore|x86.Build.0 = Release|x86
		{07E0489E-AE7F-4C30-956E-215DA2E494DE}.AppStore|x86.Deploy.0 = Release|x86
		{07E0489E-AE7F-4C30-956E-215DA2E494DE}.Debug|Any CPU.ActiveCfg = Debug|Any CPU
		{07E0489E-AE7F-4C30-956E-215DA2E494DE}.Debug|Any CPU.Build.0 = Debug|Any CPU
		{07E0489E-AE7F-4C30-956E-215DA2E494DE}.Debug|Any CPU.Deploy.0 = Debug|Any CPU
		{07E0489E-AE7F-4C30-956E-215DA2E494DE}.Debug|ARM.ActiveCfg = Debug|ARM
		{07E0489E-AE7F-4C30-956E-215DA2E494DE}.Debug|ARM.Build.0 = Debug|ARM
		{07E0489E-AE7F-4C30-956E-215DA2E494DE}.Debug|ARM.Deploy.0 = Debug|ARM
		{07E0489E-AE7F-4C30-956E-215DA2E494DE}.Debug|iPhone.ActiveCfg = Debug|Any CPU
		{07E0489E-AE7F-4C30-956E-215DA2E494DE}.Debug|iPhone.Build.0 = Debug|Any CPU
		{07E0489E-AE7F-4C30-956E-215DA2E494DE}.Debug|iPhone.Deploy.0 = Debug|Any CPU
		{07E0489E-AE7F-4C30-956E-215DA2E494DE}.Debug|iPhoneSimulator.ActiveCfg = Debug|Any CPU
		{07E0489E-AE7F-4C30-956E-215DA2E494DE}.Debug|iPhoneSimulator.Build.0 = Debug|Any CPU
		{07E0489E-AE7F-4C30-956E-215DA2E494DE}.Debug|iPhoneSimulator.Deploy.0 = Debug|Any CPU
		{07E0489E-AE7F-4C30-956E-215DA2E494DE}.Debug|x64.ActiveCfg = Debug|Any CPU
		{07E0489E-AE7F-4C30-956E-215DA2E494DE}.Debug|x64.Build.0 = Debug|Any CPU
		{07E0489E-AE7F-4C30-956E-215DA2E494DE}.Debug|x64.Deploy.0 = Debug|Any CPU
		{07E0489E-AE7F-4C30-956E-215DA2E494DE}.Debug|x86.ActiveCfg = Debug|x86
		{07E0489E-AE7F-4C30-956E-215DA2E494DE}.Debug|x86.Build.0 = Debug|x86
		{07E0489E-AE7F-4C30-956E-215DA2E494DE}.Debug|x86.Deploy.0 = Debug|x86
		{07E0489E-AE7F-4C30-956E-215DA2E494DE}.Release|Any CPU.ActiveCfg = Release|Any CPU
		{07E0489E-AE7F-4C30-956E-215DA2E494DE}.Release|Any CPU.Build.0 = Release|Any CPU
		{07E0489E-AE7F-4C30-956E-215DA2E494DE}.Release|Any CPU.Deploy.0 = Release|Any CPU
		{07E0489E-AE7F-4C30-956E-215DA2E494DE}.Release|ARM.ActiveCfg = Release|ARM
		{07E0489E-AE7F-4C30-956E-215DA2E494DE}.Release|ARM.Build.0 = Release|ARM
		{07E0489E-AE7F-4C30-956E-215DA2E494DE}.Release|ARM.Deploy.0 = Release|ARM
		{07E0489E-AE7F-4C30-956E-215DA2E494DE}.Release|iPhone.ActiveCfg = Release|Any CPU
		{07E0489E-AE7F-4C30-956E-215DA2E494DE}.Release|iPhone.Build.0 = Release|Any CPU
		{07E0489E-AE7F-4C30-956E-215DA2E494DE}.Release|iPhone.Deploy.0 = Release|Any CPU
		{07E0489E-AE7F-4C30-956E-215DA2E494DE}.Release|iPhoneSimulator.ActiveCfg = Release|Any CPU
		{07E0489E-AE7F-4C30-956E-215DA2E494DE}.Release|iPhoneSimulator.Build.0 = Release|Any CPU
		{07E0489E-AE7F-4C30-956E-215DA2E494DE}.Release|iPhoneSimulator.Deploy.0 = Release|Any CPU
		{07E0489E-AE7F-4C30-956E-215DA2E494DE}.Release|x64.ActiveCfg = Release|Any CPU
		{07E0489E-AE7F-4C30-956E-215DA2E494DE}.Release|x64.Build.0 = Release|Any CPU
		{07E0489E-AE7F-4C30-956E-215DA2E494DE}.Release|x64.Deploy.0 = Release|Any CPU
		{07E0489E-AE7F-4C30-956E-215DA2E494DE}.Release|x86.ActiveCfg = Release|x86
		{07E0489E-AE7F-4C30-956E-215DA2E494DE}.Release|x86.Build.0 = Release|x86
		{07E0489E-AE7F-4C30-956E-215DA2E494DE}.Release|x86.Deploy.0 = Release|x86
		{B4DBCCBB-F4DC-467F-82D3-5C3D7FF021F4}.Ad-Hoc|Any CPU.ActiveCfg = Release|Any CPU
		{B4DBCCBB-F4DC-467F-82D3-5C3D7FF021F4}.Ad-Hoc|Any CPU.Build.0 = Release|Any CPU
		{B4DBCCBB-F4DC-467F-82D3-5C3D7FF021F4}.Ad-Hoc|Any CPU.Deploy.0 = Release|Any CPU
		{B4DBCCBB-F4DC-467F-82D3-5C3D7FF021F4}.Ad-Hoc|ARM.ActiveCfg = Release|ARM
		{B4DBCCBB-F4DC-467F-82D3-5C3D7FF021F4}.Ad-Hoc|ARM.Build.0 = Release|ARM
		{B4DBCCBB-F4DC-467F-82D3-5C3D7FF021F4}.Ad-Hoc|ARM.Deploy.0 = Release|ARM
		{B4DBCCBB-F4DC-467F-82D3-5C3D7FF021F4}.Ad-Hoc|iPhone.ActiveCfg = Release|Any CPU
		{B4DBCCBB-F4DC-467F-82D3-5C3D7FF021F4}.Ad-Hoc|iPhone.Build.0 = Release|Any CPU
		{B4DBCCBB-F4DC-467F-82D3-5C3D7FF021F4}.Ad-Hoc|iPhone.Deploy.0 = Release|Any CPU
		{B4DBCCBB-F4DC-467F-82D3-5C3D7FF021F4}.Ad-Hoc|iPhoneSimulator.ActiveCfg = Release|Any CPU
		{B4DBCCBB-F4DC-467F-82D3-5C3D7FF021F4}.Ad-Hoc|iPhoneSimulator.Build.0 = Release|Any CPU
		{B4DBCCBB-F4DC-467F-82D3-5C3D7FF021F4}.Ad-Hoc|iPhoneSimulator.Deploy.0 = Release|Any CPU
		{B4DBCCBB-F4DC-467F-82D3-5C3D7FF021F4}.Ad-Hoc|x64.ActiveCfg = Release|x64
		{B4DBCCBB-F4DC-467F-82D3-5C3D7FF021F4}.Ad-Hoc|x64.Build.0 = Release|x64
		{B4DBCCBB-F4DC-467F-82D3-5C3D7FF021F4}.Ad-Hoc|x64.Deploy.0 = Release|x64
		{B4DBCCBB-F4DC-467F-82D3-5C3D7FF021F4}.Ad-Hoc|x86.ActiveCfg = Release|x86
		{B4DBCCBB-F4DC-467F-82D3-5C3D7FF021F4}.Ad-Hoc|x86.Build.0 = Release|x86
		{B4DBCCBB-F4DC-467F-82D3-5C3D7FF021F4}.Ad-Hoc|x86.Deploy.0 = Release|x86
		{B4DBCCBB-F4DC-467F-82D3-5C3D7FF021F4}.AppStore|Any CPU.ActiveCfg = Release|Any CPU
		{B4DBCCBB-F4DC-467F-82D3-5C3D7FF021F4}.AppStore|Any CPU.Build.0 = Release|Any CPU
		{B4DBCCBB-F4DC-467F-82D3-5C3D7FF021F4}.AppStore|Any CPU.Deploy.0 = Release|Any CPU
		{B4DBCCBB-F4DC-467F-82D3-5C3D7FF021F4}.AppStore|ARM.ActiveCfg = Release|ARM
		{B4DBCCBB-F4DC-467F-82D3-5C3D7FF021F4}.AppStore|ARM.Build.0 = Release|ARM
		{B4DBCCBB-F4DC-467F-82D3-5C3D7FF021F4}.AppStore|ARM.Deploy.0 = Release|ARM
		{B4DBCCBB-F4DC-467F-82D3-5C3D7FF021F4}.AppStore|iPhone.ActiveCfg = Release|Any CPU
		{B4DBCCBB-F4DC-467F-82D3-5C3D7FF021F4}.AppStore|iPhone.Build.0 = Release|Any CPU
		{B4DBCCBB-F4DC-467F-82D3-5C3D7FF021F4}.AppStore|iPhone.Deploy.0 = Release|Any CPU
		{B4DBCCBB-F4DC-467F-82D3-5C3D7FF021F4}.AppStore|iPhoneSimulator.ActiveCfg = Release|Any CPU
		{B4DBCCBB-F4DC-467F-82D3-5C3D7FF021F4}.AppStore|iPhoneSimulator.Build.0 = Release|Any CPU
		{B4DBCCBB-F4DC-467F-82D3-5C3D7FF021F4}.AppStore|iPhoneSimulator.Deploy.0 = Release|Any CPU
		{B4DBCCBB-F4DC-467F-82D3-5C3D7FF021F4}.AppStore|x64.ActiveCfg = Release|x64
		{B4DBCCBB-F4DC-467F-82D3-5C3D7FF021F4}.AppStore|x64.Build.0 = Release|x64
		{B4DBCCBB-F4DC-467F-82D3-5C3D7FF021F4}.AppStore|x64.Deploy.0 = Release|x64
		{B4DBCCBB-F4DC-467F-82D3-5C3D7FF021F4}.AppStore|x86.ActiveCfg = Release|x86
		{B4DBCCBB-F4DC-467F-82D3-5C3D7FF021F4}.AppStore|x86.Build.0 = Release|x86
		{B4DBCCBB-F4DC-467F-82D3-5C3D7FF021F4}.AppStore|x86.Deploy.0 = Release|x86
		{B4DBCCBB-F4DC-467F-82D3-5C3D7FF021F4}.Debug|Any CPU.ActiveCfg = Debug|Any CPU
		{B4DBCCBB-F4DC-467F-82D3-5C3D7FF021F4}.Debug|Any CPU.Build.0 = Debug|Any CPU
		{B4DBCCBB-F4DC-467F-82D3-5C3D7FF021F4}.Debug|Any CPU.Deploy.0 = Debug|Any CPU
		{B4DBCCBB-F4DC-467F-82D3-5C3D7FF021F4}.Debug|ARM.ActiveCfg = Debug|ARM
		{B4DBCCBB-F4DC-467F-82D3-5C3D7FF021F4}.Debug|ARM.Build.0 = Debug|ARM
		{B4DBCCBB-F4DC-467F-82D3-5C3D7FF021F4}.Debug|ARM.Deploy.0 = Debug|ARM
		{B4DBCCBB-F4DC-467F-82D3-5C3D7FF021F4}.Debug|iPhone.ActiveCfg = Debug|Any CPU
		{B4DBCCBB-F4DC-467F-82D3-5C3D7FF021F4}.Debug|iPhone.Build.0 = Debug|Any CPU
		{B4DBCCBB-F4DC-467F-82D3-5C3D7FF021F4}.Debug|iPhone.Deploy.0 = Debug|Any CPU
		{B4DBCCBB-F4DC-467F-82D3-5C3D7FF021F4}.Debug|iPhoneSimulator.ActiveCfg = Debug|Any CPU
		{B4DBCCBB-F4DC-467F-82D3-5C3D7FF021F4}.Debug|iPhoneSimulator.Build.0 = Debug|Any CPU
		{B4DBCCBB-F4DC-467F-82D3-5C3D7FF021F4}.Debug|iPhoneSimulator.Deploy.0 = Debug|Any CPU
		{B4DBCCBB-F4DC-467F-82D3-5C3D7FF021F4}.Debug|x64.ActiveCfg = Debug|x64
		{B4DBCCBB-F4DC-467F-82D3-5C3D7FF021F4}.Debug|x64.Build.0 = Debug|x64
		{B4DBCCBB-F4DC-467F-82D3-5C3D7FF021F4}.Debug|x64.Deploy.0 = Debug|x64
		{B4DBCCBB-F4DC-467F-82D3-5C3D7FF021F4}.Debug|x86.ActiveCfg = Debug|x86
		{B4DBCCBB-F4DC-467F-82D3-5C3D7FF021F4}.Debug|x86.Build.0 = Debug|x86
		{B4DBCCBB-F4DC-467F-82D3-5C3D7FF021F4}.Debug|x86.Deploy.0 = Debug|x86
		{B4DBCCBB-F4DC-467F-82D3-5C3D7FF021F4}.Release|Any CPU.ActiveCfg = Release|Any CPU
		{B4DBCCBB-F4DC-467F-82D3-5C3D7FF021F4}.Release|Any CPU.Build.0 = Release|Any CPU
		{B4DBCCBB-F4DC-467F-82D3-5C3D7FF021F4}.Release|Any CPU.Deploy.0 = Release|Any CPU
		{B4DBCCBB-F4DC-467F-82D3-5C3D7FF021F4}.Release|ARM.ActiveCfg = Release|ARM
		{B4DBCCBB-F4DC-467F-82D3-5C3D7FF021F4}.Release|ARM.Build.0 = Release|ARM
		{B4DBCCBB-F4DC-467F-82D3-5C3D7FF021F4}.Release|ARM.Deploy.0 = Release|ARM
		{B4DBCCBB-F4DC-467F-82D3-5C3D7FF021F4}.Release|iPhone.ActiveCfg = Release|Any CPU
		{B4DBCCBB-F4DC-467F-82D3-5C3D7FF021F4}.Release|iPhone.Build.0 = Release|Any CPU
		{B4DBCCBB-F4DC-467F-82D3-5C3D7FF021F4}.Release|iPhone.Deploy.0 = Release|Any CPU
		{B4DBCCBB-F4DC-467F-82D3-5C3D7FF021F4}.Release|iPhoneSimulator.ActiveCfg = Release|Any CPU
		{B4DBCCBB-F4DC-467F-82D3-5C3D7FF021F4}.Release|iPhoneSimulator.Build.0 = Release|Any CPU
		{B4DBCCBB-F4DC-467F-82D3-5C3D7FF021F4}.Release|iPhoneSimulator.Deploy.0 = Release|Any CPU
		{B4DBCCBB-F4DC-467F-82D3-5C3D7FF021F4}.Release|x64.ActiveCfg = Release|x64
		{B4DBCCBB-F4DC-467F-82D3-5C3D7FF021F4}.Release|x64.Build.0 = Release|x64
		{B4DBCCBB-F4DC-467F-82D3-5C3D7FF021F4}.Release|x64.Deploy.0 = Release|x64
		{B4DBCCBB-F4DC-467F-82D3-5C3D7FF021F4}.Release|x86.ActiveCfg = Release|x86
		{B4DBCCBB-F4DC-467F-82D3-5C3D7FF021F4}.Release|x86.Build.0 = Release|x86
		{B4DBCCBB-F4DC-467F-82D3-5C3D7FF021F4}.Release|x86.Deploy.0 = Release|x86
	EndGlobalSection
	GlobalSection(SolutionProperties) = preSolution
		HideSolutionNode = FALSE
	EndGlobalSection
EndGlobal
